
Microsoft Visual Studio Solution File, Format Version 12.00
# Visual Studio Version 17
VisualStudioVersion = 17.5.33516.290
MinimumVisualStudioVersion = 10.0.40219.1
Project("{FAE04EC0-301F-11D3-BF4B-00C04F79EFBC}") = "RedeService", "RedeService\RedeService.csproj", "{61CBA588-FDC3-4111-A377-7252E2578578}"
EndProject
Global
	GlobalSection(SolutionConfigurationPlatforms) = preSolution
		Debug|Any CPU = Debug|Any CPU
		Release|Any CPU = Release|Any CPU
	EndGlobalSection
	GlobalSection(ProjectConfigurationPlatforms) = postSolution
		{61CBA588-FDC3-4111-A377-7252E2578578}.Debug|Any CPU.ActiveCfg = Debug|Any CPU
		{61CBA588-FDC3-4111-A377-7252E2578578}.Debug|Any CPU.Build.0 = Debug|Any CPU
		{61CBA588-FDC3-4111-A377-7252E2578578}.Release|Any CPU.ActiveCfg = Release|Any CPU
		{61CBA588-FDC3-4111-A377-7252E2578578}.Release|Any CPU.Build.0 = Release|Any CPU
	EndGlobalSection
	GlobalSection(SolutionProperties) = preSolution
		HideSolutionNode = FALSE
	EndGlobalSection
	GlobalSection(ExtensibilityGlobals) = postSolution
		SolutionGuid = {DD432A3F-38F8-4A41-814C-DCC2398C1B93}
	EndGlobalSection
EndGlobal
